<?xml version="1.0" encoding="utf-8"?>
<Project ToolsVersion="4.0" xmlns="http://schemas.microsoft.com/developer/msbuild/2003">
  <ItemGroup>
    <Filter Include="Исходные файлы">
      <UniqueIdentifier>{4FC737F1-C7A5-4376-A066-2A32D752A2FF}</UniqueIdentifier>
      <Extensions>cpp;c;cc;cxx;def;odl;idl;hpj;bat;asm;asmx</Extensions>
    </Filter>
    <Filter Include="Файлы заголовков">
      <UniqueIdentifier>{93995380-89BD-4b04-88EB-625FBE52EBFB}</UniqueIdentifier>
      <Extensions>h;hh;hpp;hxx;hm;inl;inc;ipp;xsd</Extensions>
    </Filter>
    <Filter Include="Файлы ресурсов">
      <UniqueIdentifier>{67DA6AB6-F800-4c08-8B7A-83BB121AAD01}</UniqueIdentifier>
      <Extensions>rc;ico;cur;bmp;dlg;rc2;rct;bin;rgs;gif;jpg;jpeg;jpe;resx;tiff;tif;png;wav;mfcribbon-ms</Extensions>
    </Filter>
    <Filter Include="Исходные файлы\Shaders">
      <UniqueIdentifier>{f7d148e8-b176-4fc0-bef3-8708e7939701}</UniqueIdentifier>
    </Filter>
    <Filter Include="Файлы заголовков\Macros">
      <UniqueIdentifier>{853c98a6-2612-4b59-bd5c-2e11c4c04ddc}</UniqueIdentifier>
    </Filter>
    <Filter Include="Файлы заголовков\Drawable">
      <UniqueIdentifier>{39a2209a-5e92-4275-814b-ea4254dd2f82}</UniqueIdentifier>
    </Filter>
    <Filter Include="Файлы заголовков\Bindable">
      <UniqueIdentifier>{0b49d27b-c56c-4804-a4ac-d93d10c54c6a}</UniqueIdentifier>
    </Filter>
    <Filter Include="Файлы заголовков\InputDevices">
      <UniqueIdentifier>{666eb721-561e-47e4-8a6b-20c63a545073}</UniqueIdentifier>
    </Filter>
  </ItemGroup>
  <ItemGroup>
    <ClInclude Include="Resources\Headers\Window.h">
      <Filter>Файлы заголовков</Filter>
    </ClInclude>
    <ClInclude Include="Resources\Headers\Onyx.h">
      <Filter>Файлы заголовков</Filter>
    </ClInclude>
    <ClInclude Include="Resources\Headers\CustomException.h">
      <Filter>Файлы заголовков</Filter>
    </ClInclude>
    <ClInclude Include="Resources\Headers\resource.h">
      <Filter>Файлы заголовков</Filter>
    </ClInclude>
    <ClInclude Include="Resources\Headers\App.h">
      <Filter>Файлы заголовков</Filter>
    </ClInclude>
    <ClInclude Include="Resources\Headers\Timer.h">
      <Filter>Файлы заголовков</Filter>
    </ClInclude>
    <ClInclude Include="Resources\Headers\WindowsMessageMap.h">
      <Filter>Файлы заголовков</Filter>
    </ClInclude>
    <ClInclude Include="Resources\Headers\Graphics.h">
      <Filter>Файлы заголовков</Filter>
    </ClInclude>
    <ClInclude Include="Resources\Headers\dxerr.h">
      <Filter>Файлы заголовков</Filter>
    </ClInclude>
    <ClInclude Include="Resources\Headers\DxgiInfoManager.h">
      <Filter>Файлы заголовков</Filter>
    </ClInclude>
    <ClInclude Include="Resources\Headers\WindowThrowMacros.h">
      <Filter>Файлы заголовков\Macros</Filter>
    </ClInclude>
    <ClInclude Include="Resources\Headers\GraphicsThrowMacros.h">
      <Filter>Файлы заголовков\Macros</Filter>
    </ClInclude>
    <ClInclude Include="Resources\Headers\Keyboard.h">
      <Filter>Файлы заголовков\InputDevices</Filter>
    </ClInclude>
    <ClInclude Include="Resources\Headers\Mouse.h">
      <Filter>Файлы заголовков\InputDevices</Filter>
    </ClInclude>
    <ClInclude Include="Resources\Headers\Bindable\Bindable.h">
      <Filter>Файлы заголовков\Bindable</Filter>
    </ClInclude>
    <ClInclude Include="Resources\Headers\Bindable\ConstantBuffers.h">
      <Filter>Файлы заголовков\Bindable</Filter>
    </ClInclude>
    <ClInclude Include="Resources\Headers\Bindable\BindableBase.h">
      <Filter>Файлы заголовков\Bindable</Filter>
    </ClInclude>
    <ClInclude Include="Resources\Headers\Bindable\IndexBuffer.h">
      <Filter>Файлы заголовков\Bindable</Filter>
    </ClInclude>
    <ClInclude Include="Resources\Headers\Bindable\InputLayout.h">
      <Filter>Файлы заголовков\Bindable</Filter>
    </ClInclude>
    <ClInclude Include="Resources\Headers\Bindable\PixelShader.h">
      <Filter>Файлы заголовков\Bindable</Filter>
    </ClInclude>
    <ClInclude Include="Resources\Headers\Bindable\VertexShader.h">
      <Filter>Файлы заголовков\Bindable</Filter>
    </ClInclude>
    <ClInclude Include="Resources\Headers\Bindable\VertexBuffer.h">
      <Filter>Файлы заголовков\Bindable</Filter>
    </ClInclude>
    <ClInclude Include="Resources\Headers\Bindable\TransformCBuff.h">
      <Filter>Файлы заголовков\Bindable</Filter>
    </ClInclude>
    <ClInclude Include="Resources\Headers\Bindable\Topology.h">
      <Filter>Файлы заголовков\Bindable</Filter>
    </ClInclude>
    <ClInclude Include="Resources\Headers\Drawable\Drawable.h">
      <Filter>Файлы заголовков\Drawable</Filter>
    </ClInclude>
  </ItemGroup>
  <ItemGroup>
    <ResourceCompile Include="Game_Engine.rc">
      <Filter>Файлы ресурсов</Filter>
    </ResourceCompile>
  </ItemGroup>
  <ItemGroup>
    <Image Include="Resources\Images\icon.ico">
      <Filter>Файлы ресурсов</Filter>
    </Image>
  </ItemGroup>
  <ItemGroup>
    <ClCompile Include="Code\CustomException.cpp">
      <Filter>Исходные файлы</Filter>
    </ClCompile>
    <ClCompile Include="Code\Keyboard.cpp">
      <Filter>Исходные файлы</Filter>
    </ClCompile>
    <ClCompile Include="Code\Window.cpp">
      <Filter>Исходные файлы</Filter>
    </ClCompile>
    <ClCompile Include="Code\WinMain.cpp">
      <Filter>Исходные файлы</Filter>
    </ClCompile>
    <ClCompile Include="Code\Mouse.cpp">
      <Filter>Исходные файлы</Filter>
    </ClCompile>
    <ClCompile Include="Code\App.cpp">
      <Filter>Исходные файлы</Filter>
    </ClCompile>
    <ClCompile Include="Code\Timer.cpp">
      <Filter>Исходные файлы</Filter>
    </ClCompile>
    <ClCompile Include="Code\WindowsMessageMap.cpp">
      <Filter>Исходные файлы</Filter>
    </ClCompile>
    <ClCompile Include="Code\Graphics.cpp">
      <Filter>Исходные файлы</Filter>
    </ClCompile>
    <ClCompile Include="Code\dxerr.cpp">
      <Filter>Исходные файлы</Filter>
    </ClCompile>
    <ClCompile Include="Code\DxgiInfoManager.cpp">
      <Filter>Исходные файлы</Filter>
    </ClCompile>
  </ItemGroup>
  <ItemGroup>
    <FxCompile Include="Code\Shaders\VertexShader.hlsl">
      <Filter>Исходные файлы\Shaders</Filter>
    </FxCompile>
    <FxCompile Include="Code\Shaders\PixelShader.hlsl">
      <Filter>Исходные файлы\Shaders</Filter>
    </FxCompile>
  </ItemGroup>
</Project>